
Microsoft Visual Studio Solution File, Format Version 12.00
# Visual Studio Version 17
VisualStudioVersion = 17.8.34525.116
MinimumVisualStudioVersion = 10.0.40219.1
Project("{FAE04EC0-301F-11D3-BF4B-00C04F79EFBC}") = "Payment-Backend-Service", "Payment-Backend-Service.csproj", "{D822ABCC-0A3A-476F-BAB9-1C62C68B3471}"
EndProject
Global
	GlobalSection(SolutionConfigurationPlatforms) = preSolution
		Debug|Any CPU = Debug|Any CPU
		Release|Any CPU = Release|Any CPU
	EndGlobalSection
	GlobalSection(ProjectConfigurationPlatforms) = postSolution
		{D822ABCC-0A3A-476F-BAB9-1C62C68B3471}.Debug|Any CPU.ActiveCfg = Debug|Any CPU
		{D822ABCC-0A3A-476F-BAB9-1C62C68B3471}.Debug|Any CPU.Build.0 = Debug|Any CPU
		{D822ABCC-0A3A-476F-BAB9-1C62C68B3471}.Release|Any CPU.ActiveCfg = Release|Any CPU
		{D822ABCC-0A3A-476F-BAB9-1C62C68B3471}.Release|Any CPU.Build.0 = Release|Any CPU
	EndGlobalSection
	GlobalSection(SolutionProperties) = preSolution
		HideSolutionNode = FALSE
	EndGlobalSection
	GlobalSection(ExtensibilityGlobals) = postSolution
		SolutionGuid = {C51747C4-29D4-48E5-AF96-DE048C7412C3}
	EndGlobalSection
EndGlobal
